PODS:
  - Cosmos (12.0.1)
  - JSONWebToken (2.2.0)

DEPENDENCIES:
  - Cosmos (~> 12.0)
  - JSONWebToken

SPEC CHECKSUMS:
  Cosmos: 4a9f57998a08788a1062c7b8eefbc62d2b590f39
  JSONWebToken: 6fae32489632658d563dd6952a5c34020ea813e4

PODFILE CHECKSUM: 6588d4ce0f61816d7f078998070b0701322692bb

COCOAPODS: 1.3.1
